
Microsoft Visual Studio Solution File, Format Version 12.00
# Visual Studio Version 16
VisualStudioVersion = 16.0.28803.452
MinimumVisualStudioVersion = 10.0.40219.1
Project("{FAE04EC0-301F-11D3-BF4B-00C04F79EFBC}") = "CryptoToolKit", "CryptoToolKit\CryptoToolKit.csproj", "{9EBEBA6E-E511-4974-8424-CC55D681D048}"
EndProject
Global
	GlobalSection(SolutionConfigurationPlatforms) = preSolution
		Debug|Any CPU = Debug|Any CPU
		Release|Any CPU = Release|Any CPU
	EndGlobalSection
	GlobalSection(ProjectConfigurationPlatforms) = postSolution
		{9EBEBA6E-E511-4974-8424-CC55D681D048}.Debug|Any CPU.ActiveCfg = Debug|Any CPU
		{9EBEBA6E-E511-4974-8424-CC55D681D048}.Debug|Any CPU.Build.0 = Debug|Any CPU
		{9EBEBA6E-E511-4974-8424-CC55D681D048}.Release|Any CPU.ActiveCfg = Release|Any CPU
		{9EBEBA6E-E511-4974-8424-CC55D681D048}.Release|Any CPU.Build.0 = Release|Any CPU
	EndGlobalSection
	GlobalSection(SolutionProperties) = preSolution
		HideSolutionNode = FALSE
	EndGlobalSection
	GlobalSection(ExtensibilityGlobals) = postSolution
		SolutionGuid = {C878661C-2176-47C5-9F67-3101802903F2}
	EndGlobalSection
EndGlobal
